
Microsoft Visual Studio Solution File, Format Version 12.00
# Visual Studio 15
VisualStudioVersion = 15.0.26430.12
MinimumVisualStudioVersion = 10.0.40219.1
Project("{FAE04EC0-301F-11D3-BF4B-00C04F79EFBC}") = "DroneLander.Android", "DroneLander\DroneLander.Android\DroneLander.Android.csproj", "{D009A4ED-35DE-42DE-89CD-BAF3AE0D4677}"
EndProject
Project("{FAE04EC0-301F-11D3-BF4B-00C04F79EFBC}") = "DroneLander", "DroneLander\DroneLander\DroneLander.csproj", "{BD458A36-55C8-4F31-989F-AA1D28B06B96}"
EndProject
Project("{FAE04EC0-301F-11D3-BF4B-00C04F79EFBC}") = "DroneLander.UWP", "DroneLander\DroneLander.UWP\DroneLander.UWP.csproj", "{5485CBA7-1C58-4C57-90DA-AF5F77839CA6}"
EndProject
Project("{FAE04EC0-301F-11D3-BF4B-00C04F79EFBC}") = "DroneLander.iOS", "DroneLander\DroneLander.iOS\DroneLander.iOS.csproj", "{720A3533-634C-478C-8B2C-B2DF4C79AC6B}"
EndProject
Global
	GlobalSection(SolutionConfigurationPlatforms) = preSolution
		Ad-Hoc|Any CPU = Ad-Hoc|Any CPU
		Ad-Hoc|ARM = Ad-Hoc|ARM
		Ad-Hoc|iPhone = Ad-Hoc|iPhone
		Ad-Hoc|iPhoneSimulator = Ad-Hoc|iPhoneSimulator
		Ad-Hoc|x64 = Ad-Hoc|x64
		Ad-Hoc|x86 = Ad-Hoc|x86
		AppStore|Any CPU = AppStore|Any CPU
		AppStore|ARM = AppStore|ARM
		AppStore|iPhone = AppStore|iPhone
		AppStore|iPhoneSimulator = AppStore|iPhoneSimulator
		AppStore|x64 = AppStore|x64
		AppStore|x86 = AppStore|x86
		Debug|Any CPU = Debug|Any CPU
		Debug|ARM = Debug|ARM
		Debug|iPhone = Debug|iPhone
		Debug|iPhoneSimulator = Debug|iPhoneSimulator
		Debug|x64 = Debug|x64
		Debug|x86 = Debug|x86
		Release|Any CPU = Release|Any CPU
		Release|ARM = Release|ARM
		Release|iPhone = Release|iPhone
		Release|iPhoneSimulator = Release|iPhoneSimulator
		Release|x64 = Release|x64
		Release|x86 = Release|x86
	EndGlobalSection
	GlobalSection(ProjectConfigurationPlatforms) = postSolution
		{D009A4ED-35DE-42DE-89CD-BAF3AE0D4677}.Ad-Hoc|Any CPU.ActiveCfg = Release|Any CPU
		{D009A4ED-35DE-42DE-89CD-BAF3AE0D4677}.Ad-Hoc|Any CPU.Build.0 = Release|Any CPU
		{D009A4ED-35DE-42DE-89CD-BAF3AE0D4677}.Ad-Hoc|Any CPU.Deploy.0 = Release|Any CPU
		{D009A4ED-35DE-42DE-89CD-BAF3AE0D4677}.Ad-Hoc|ARM.ActiveCfg = Release|Any CPU
		{D009A4ED-35DE-42DE-89CD-BAF3AE0D4677}.Ad-Hoc|ARM.Build.0 = Release|Any CPU
		{D009A4ED-35DE-42DE-89CD-BAF3AE0D4677}.Ad-Hoc|ARM.Deploy.0 = Release|Any CPU
		{D009A4ED-35DE-42DE-89CD-BAF3AE0D4677}.Ad-Hoc|iPhone.ActiveCfg = Release|Any CPU
		{D009A4ED-35DE-42DE-89CD-BAF3AE0D4677}.Ad-Hoc|iPhone.Build.0 = Release|Any CPU
		{D009A4ED-35DE-42DE-89CD-BAF3AE0D4677}.Ad-Hoc|iPhone.Deploy.0 = Release|Any CPU
		{D009A4ED-35DE-42DE-89CD-BAF3AE0D4677}.Ad-Hoc|iPhoneSimulator.ActiveCfg = Release|Any CPU
		{D009A4ED-35DE-42DE-89CD-BAF3AE0D4677}.Ad-Hoc|iPhoneSimulator.Build.0 = Release|Any CPU
		{D009A4ED-35DE-42DE-89CD-BAF3AE0D4677}.Ad-Hoc|iPhoneSimulator.Deploy.0 = Release|Any CPU
		{D009A4ED-35DE-42DE-89CD-BAF3AE0D4677}.Ad-Hoc|x64.ActiveCfg = Release|Any CPU
		{D009A4ED-35DE-42DE-89CD-BAF3AE0D4677}.Ad-Hoc|x64.Build.0 = Release|Any CPU
		{D009A4ED-35DE-42DE-89CD-BAF3AE0D4677}.Ad-Hoc|x64.Deploy.0 = Release|Any CPU
		{D009A4ED-35DE-42DE-89CD-BAF3AE0D4677}.Ad-Hoc|x86.ActiveCfg = Release|Any CPU
		{D009A4ED-35DE-42DE-89CD-BAF3AE0D4677}.Ad-Hoc|x86.Build.0 = Release|Any CPU
		{D009A4ED-35DE-42DE-89CD-BAF3AE0D4677}.Ad-Hoc|x86.Deploy.0 = Release|Any CPU
		{D009A4ED-35DE-42DE-89CD-BAF3AE0D4677}.AppStore|Any CPU.ActiveCfg = Release|Any CPU
		{D009A4ED-35DE-42DE-89CD-BAF3AE0D4677}.AppStore|Any CPU.Build.0 = Release|Any CPU
		{D009A4ED-35DE-42DE-89CD-BAF3AE0D4677}.AppStore|Any CPU.Deploy.0 = Release|Any CPU
		{D009A4ED-35DE-42DE-89CD-BAF3AE0D4677}.AppStore|ARM.ActiveCfg = Release|Any CPU
		{D009A4ED-35DE-42DE-89CD-BAF3AE0D4677}.AppStore|ARM.Build.0 = Release|Any CPU
		{D009A4ED-35DE-42DE-89CD-BAF3AE0D4677}.AppStore|ARM.Deploy.0 = Release|Any CPU
		{D009A4ED-35DE-42DE-89CD-BAF3AE0D4677}.AppStore|iPhone.ActiveCfg = Release|Any CPU
		{D009A4ED-35DE-42DE-89CD-BAF3AE0D4677}.AppStore|iPhone.Build.0 = Release|Any CPU
		{D009A4ED-35DE-42DE-89CD-BAF3AE0D4677}.AppStore|iPhone.Deploy.0 = Release|Any CPU
		{D009A4ED-35DE-42DE-89CD-BAF3AE0D4677}.AppStore|iPhoneSimulator.ActiveCfg = Release|Any CPU
		{D009A4ED-35DE-42DE-89CD-BAF3AE0D4677}.AppStore|iPhoneSimulator.Build.0 = Release|Any CPU
		{D009A4ED-35DE-42DE-89CD-BAF3AE0D4677}.AppStore|iPhoneSimulator.Deploy.0 = Release|Any CPU
		{D009A4ED-35DE-42DE-89CD-BAF3AE0D4677}.AppStore|x64.ActiveCfg = Release|Any CPU
		{D009A4ED-35DE-42DE-89CD-BAF3AE0D4677}.AppStore|x64.Build.0 = Release|Any CPU
		{D009A4ED-35DE-42DE-89CD-BAF3AE0D4677}.AppStore|x64.Deploy.0 = Release|Any CPU
		{D009A4ED-35DE-42DE-89CD-BAF3AE0D4677}.AppStore|x86.ActiveCfg = Release|Any CPU
		{D009A4ED-35DE-42DE-89CD-BAF3AE0D4677}.AppStore|x86.Build.0 = Release|Any CPU
		{D009A4ED-35DE-42DE-89CD-BAF3AE0D4677}.AppStore|x86.Deploy.0 = Release|Any CPU
		{D009A4ED-35DE-42DE-89CD-BAF3AE0D4677}.Debug|Any CPU.ActiveCfg = Debug|Any CPU
		{D009A4ED-35DE-42DE-89CD-BAF3AE0D4677}.Debug|Any CPU.Build.0 = Debug|Any CPU
		{D009A4ED-35DE-42DE-89CD-BAF3AE0D4677}.Debug|Any CPU.Deploy.0 = Debug|Any CPU
		{D009A4ED-35DE-42DE-89CD-BAF3AE0D4677}.Debug|ARM.ActiveCfg = Debug|Any CPU
		{D009A4ED-35DE-42DE-89CD-BAF3AE0D4677}.Debug|ARM.Build.0 = Debug|Any CPU
		{D009A4ED-35DE-42DE-89CD-BAF3AE0D4677}.Debug|ARM.Deploy.0 = Debug|Any CPU
		{D009A4ED-35DE-42DE-89CD-BAF3AE0D4677}.Debug|iPhone.ActiveCfg = Debug|Any CPU
		{D009A4ED-35DE-42DE-89CD-BAF3AE0D4677}.Debug|iPhone.Build.0 = Debug|Any CPU
		{D009A4ED-35DE-42DE-89CD-BAF3AE0D4677}.Debug|iPhone.Deploy.0 = Debug|Any CPU
		{D009A4ED-35DE-42DE-89CD-BAF3AE0D4677}.Debug|iPhoneSimulator.ActiveCfg = Debug|Any CPU
		{D009A4ED-35DE-42DE-89CD-BAF3AE0D4677}.Debug|iPhoneSimulator.Build.0 = Debug|Any CPU
		{D009A4ED-35DE-42DE-89CD-BAF3AE0D4677}.Debug|iPhoneSimulator.Deploy.0 = Debug|Any CPU
		{D009A4ED-35DE-42DE-89CD-BAF3AE0D4677}.Debug|x64.ActiveCfg = Debug|Any CPU
		{D009A4ED-35DE-42DE-89CD-BAF3AE0D4677}.Debug|x64.Build.0 = Debug|Any CPU
		{D009A4ED-35DE-42DE-89CD-BAF3AE0D4677}.Debug|x64.Deploy.0 = Debug|Any CPU
		{D009A4ED-35DE-42DE-89CD-BAF3AE0D4677}.Debug|x86.ActiveCfg = Debug|Any CPU
		{D009A4ED-35DE-42DE-89CD-BAF3AE0D4677}.Debug|x86.Build.0 = Debug|Any CPU
		{D009A4ED-35DE-42DE-89CD-BAF3AE0D4677}.Debug|x86.Deploy.0 = Debug|Any CPU
		{D009A4ED-35DE-42DE-89CD-BAF3AE0D4677}.Release|Any CPU.ActiveCfg = Release|Any CPU
		{D009A4ED-35DE-42DE-89CD-BAF3AE0D4677}.Release|Any CPU.Build.0 = Release|Any CPU
		{D009A4ED-35DE-42DE-89CD-BAF3AE0D4677}.Release|Any CPU.Deploy.0 = Release|Any CPU
		{D009A4ED-35DE-42DE-89CD-BAF3AE0D4677}.Release|ARM.ActiveCfg = Release|Any CPU
		{D009A4ED-35DE-42DE-89CD-BAF3AE0D4677}.Release|ARM.Build.0 = Release|Any CPU
		{D009A4ED-35DE-42DE-89CD-BAF3AE0D4677}.Release|ARM.Deploy.0 = Release|Any CPU
		{D009A4ED-35DE-42DE-89CD-BAF3AE0D4677}.Release|iPhone.ActiveCfg = Release|Any CPU
		{D009A4ED-35DE-42DE-89CD-BAF3AE0D4677}.Release|iPhone.Build.0 = Release|Any CPU
		{D009A4ED-35DE-42DE-89CD-BAF3AE0D4677}.Release|iPhone.Deploy.0 = Release|Any CPU
		{D009A4ED-35DE-42DE-89CD-BAF3AE0D4677}.Release|iPhoneSimulator.ActiveCfg = Release|Any CPU
		{D009A4ED-35DE-42DE-89CD-BAF3AE0D4677}.Release|iPhoneSimulator.Build.0 = Release|Any CPU
		{D009A4ED-35DE-42DE-89CD-BAF3AE0D4677}.Release|iPhoneSimulator.Deploy.0 = Release|Any CPU
		{D009A4ED-35DE-42DE-89CD-BAF3AE0D4677}.Release|x64.ActiveCfg = Release|Any CPU
		{D009A4ED-35DE-42DE-89CD-BAF3AE0D4677}.Release|x64.Build.0 = Release|Any CPU
		{D009A4ED-35DE-42DE-89CD-BAF3AE0D4677}.Release|x64.Deploy.0 = Release|Any CPU
		{D009A4ED-35DE-42DE-89CD-BAF3AE0D4677}.Release|x86.ActiveCfg = Release|Any CPU
		{D009A4ED-35DE-42DE-89CD-BAF3AE0D4677}.Release|x86.Build.0 = Release|Any CPU
		{D009A4ED-35DE-42DE-89CD-BAF3AE0D4677}.Release|x86.Deploy.0 = Release|Any CPU
		{BD458A36-55C8-4F31-989F-AA1D28B06B96}.Ad-Hoc|Any CPU.ActiveCfg = Release|Any CPU
		{BD458A36-55C8-4F31-989F-AA1D28B06B96}.Ad-Hoc|Any CPU.Build.0 = Release|Any CPU
		{BD458A36-55C8-4F31-989F-AA1D28B06B96}.Ad-Hoc|ARM.ActiveCfg = Release|Any CPU
		{BD458A36-55C8-4F31-989F-AA1D28B06B96}.Ad-Hoc|ARM.Build.0 = Release|Any CPU
		{BD458A36-55C8-4F31-989F-AA1D28B06B96}.Ad-Hoc|iPhone.ActiveCfg = Release|Any CPU
		{BD458A36-55C8-4F31-989F-AA1D28B06B96}.Ad-Hoc|iPhone.Build.0 = Release|Any CPU
		{BD458A36-55C8-4F31-989F-AA1D28B06B96}.Ad-Hoc|iPhoneSimulator.ActiveCfg = Release|Any CPU
		{BD458A36-55C8-4F31-989F-AA1D28B06B96}.Ad-Hoc|iPhoneSimulator.Build.0 = Release|Any CPU
		{BD458A36-55C8-4F31-989F-AA1D28B06B96}.Ad-Hoc|x64.ActiveCfg = Release|Any CPU
		{BD458A36-55C8-4F31-989F-AA1D28B06B96}.Ad-Hoc|x64.Build.0 = Release|Any CPU
		{BD458A36-55C8-4F31-989F-AA1D28B06B96}.Ad-Hoc|x86.ActiveCfg = Release|Any CPU
		{BD458A36-55C8-4F31-989F-AA1D28B06B96}.Ad-Hoc|x86.Build.0 = Release|Any CPU
		{BD458A36-55C8-4F31-989F-AA1D28B06B96}.AppStore|Any CPU.ActiveCfg = Release|Any CPU
		{BD458A36-55C8-4F31-989F-AA1D28B06B96}.AppStore|Any CPU.Build.0 = Release|Any CPU
		{BD458A36-55C8-4F31-989F-AA1D28B06B96}.AppStore|ARM.ActiveCfg = Release|Any CPU
		{BD458A36-55C8-4F31-989F-AA1D28B06B96}.AppStore|ARM.Build.0 = Release|Any CPU
		{BD458A36-55C8-4F31-989F-AA1D28B06B96}.AppStore|iPhone.ActiveCfg = Release|Any CPU
		{BD458A36-55C8-4F31-989F-AA1D28B06B96}.AppStore|iPhone.Build.0 = Release|Any CPU
		{BD458A36-55C8-4F31-989F-AA1D28B06B96}.AppStore|iPhoneSimulator.ActiveCfg = Release|Any CPU
		{BD458A36-55C8-4F31-989F-AA1D28B06B96}.AppStore|iPhoneSimulator.Build.0 = Release|Any CPU
		{BD458A36-55C8-4F31-989F-AA1D28B06B96}.AppStore|x64.ActiveCfg = Release|Any CPU
		{BD458A36-55C8-4F31-989F-AA1D28B06B96}.AppStore|x64.Build.0 = Release|Any CPU
		{BD458A36-55C8-4F31-989F-AA1D28B06B96}.AppStore|x86.ActiveCfg = Release|Any CPU
		{BD458A36-55C8-4F31-989F-AA1D28B06B96}.AppStore|x86.Build.0 = Release|Any CPU
		{BD458A36-55C8-4F31-989F-AA1D28B06B96}.Debug|Any CPU.ActiveCfg = Debug|Any CPU
		{BD458A36-55C8-4F31-989F-AA1D28B06B96}.Debug|Any CPU.Build.0 = Debug|Any CPU
		{BD458A36-55C8-4F31-989F-AA1D28B06B96}.Debug|ARM.ActiveCfg = Debug|Any CPU
		{BD458A36-55C8-4F31-989F-AA1D28B06B96}.Debug|ARM.Build.0 = Debug|Any CPU
		{BD458A36-55C8-4F31-989F-AA1D28B06B96}.Debug|iPhone.ActiveCfg = Debug|Any CPU
		{BD458A36-55C8-4F31-989F-AA1D28B06B96}.Debug|iPhone.Build.0 = Debug|Any CPU
		{BD458A36-55C8-4F31-989F-AA1D28B06B96}.Debug|iPhoneSimulator.ActiveCfg = Debug|Any CPU
		{BD458A36-55C8-4F31-989F-AA1D28B06B96}.Debug|iPhoneSimulator.Build.0 = Debug|Any CPU
		{BD458A36-55C8-4F31-989F-AA1D28B06B96}.Debug|x64.ActiveCfg = Debug|Any CPU
		{BD458A36-55C8-4F31-989F-AA1D28B06B96}.Debug|x64.Build.0 = Debug|Any CPU
		{BD458A36-55C8-4F31-989F-AA1D28B06B96}.Debug|x86.ActiveCfg = Debug|Any CPU
		{BD458A36-55C8-4F31-989F-AA1D28B06B96}.Debug|x86.Build.0 = Debug|Any CPU
		{BD458A36-55C8-4F31-989F-AA1D28B06B96}.Release|Any CPU.ActiveCfg = Release|Any CPU
		{BD458A36-55C8-4F31-989F-AA1D28B06B96}.Release|Any CPU.Build.0 = Release|Any CPU
		{BD458A36-55C8-4F31-989F-AA1D28B06B96}.Release|ARM.ActiveCfg = Release|Any CPU
		{BD458A36-55C8-4F31-989F-AA1D28B06B96}.Release|ARM.Build.0 = Release|Any CPU
		{BD458A36-55C8-4F31-989F-AA1D28B06B96}.Release|iPhone.ActiveCfg = Release|Any CPU
		{BD458A36-55C8-4F31-989F-AA1D28B06B96}.Release|iPhone.Build.0 = Release|Any CPU
		{BD458A36-55C8-4F31-989F-AA1D28B06B96}.Release|iPhoneSimulator.ActiveCfg = Release|Any CPU
		{BD458A36-55C8-4F31-989F-AA1D28B06B96}.Release|iPhoneSimulator.Build.0 = Release|Any CPU
		{BD458A36-55C8-4F31-989F-AA1D28B06B96}.Release|x64.ActiveCfg = Release|Any CPU
		{BD458A36-55C8-4F31-989F-AA1D28B06B96}.Release|x64.Build.0 = Release|Any CPU
		{BD458A36-55C8-4F31-989F-AA1D28B06B96}.Release|x86.ActiveCfg = Release|Any CPU
		{BD458A36-55C8-4F31-989F-AA1D28B06B96}.Release|x86.Build.0 = Release|Any CPU
		{5485CBA7-1C58-4C57-90DA-AF5F77839CA6}.Ad-Hoc|Any CPU.ActiveCfg = Release|x86
		{5485CBA7-1C58-4C57-90DA-AF5F77839CA6}.Ad-Hoc|Any CPU.Build.0 = Release|x86
		{5485CBA7-1C58-4C57-90DA-AF5F77839CA6}.Ad-Hoc|Any CPU.Deploy.0 = Release|x86
		{5485CBA7-1C58-4C57-90DA-AF5F77839CA6}.Ad-Hoc|ARM.ActiveCfg = Release|ARM
		{5485CBA7-1C58-4C57-90DA-AF5F77839CA6}.Ad-Hoc|ARM.Build.0 = Release|ARM
		{5485CBA7-1C58-4C57-90DA-AF5F77839CA6}.Ad-Hoc|ARM.Deploy.0 = Release|ARM
		{5485CBA7-1C58-4C57-90DA-AF5F77839CA6}.Ad-Hoc|iPhone.ActiveCfg = Release|x86
		{5485CBA7-1C58-4C57-90DA-AF5F77839CA6}.Ad-Hoc|iPhone.Build.0 = Release|x86
		{5485CBA7-1C58-4C57-90DA-AF5F77839CA6}.Ad-Hoc|iPhone.Deploy.0 = Release|x86
		{5485CBA7-1C58-4C57-90DA-AF5F77839CA6}.Ad-Hoc|iPhoneSimulator.ActiveCfg = Release|x86
		{5485CBA7-1C58-4C57-90DA-AF5F77839CA6}.Ad-Hoc|iPhoneSimulator.Build.0 = Release|x86
		{5485CBA7-1C58-4C57-90DA-AF5F77839CA6}.Ad-Hoc|iPhoneSimulator.Deploy.0 = Release|x86
		{5485CBA7-1C58-4C57-90DA-AF5F77839CA6}.Ad-Hoc|x64.ActiveCfg = Release|x64
		{5485CBA7-1C58-4C57-90DA-AF5F77839CA6}.Ad-Hoc|x64.Build.0 = Release|x64
		{5485CBA7-1C58-4C57-90DA-AF5F77839CA6}.Ad-Hoc|x64.Deploy.0 = Release|x64
		{5485CBA7-1C58-4C57-90DA-AF5F77839CA6}.Ad-Hoc|x86.ActiveCfg = Release|x86
		{5485CBA7-1C58-4C57-90DA-AF5F77839CA6}.Ad-Hoc|x86.Build.0 = Release|x86
		{5485CBA7-1C58-4C57-90DA-AF5F77839CA6}.Ad-Hoc|x86.Deploy.0 = Release|x86
		{5485CBA7-1C58-4C57-90DA-AF5F77839CA6}.AppStore|Any CPU.ActiveCfg = Release|x86
		{5485CBA7-1C58-4C57-90DA-AF5F77839CA6}.AppStore|Any CPU.Build.0 = Release|x86
		{5485CBA7-1C58-4C57-90DA-AF5F77839CA6}.AppStore|Any CPU.Deploy.0 = Release|x86
		{5485CBA7-1C58-4C57-90DA-AF5F77839CA6}.AppStore|ARM.ActiveCfg = Release|ARM
		{5485CBA7-1C58-4C57-90DA-AF5F77839CA6}.AppStore|ARM.Build.0 = Release|ARM
		{5485CBA7-1C58-4C57-90DA-AF5F77839CA6}.AppStore|ARM.Deploy.0 = Release|ARM
		{5485CBA7-1C58-4C57-90DA-AF5F77839CA6}.AppStore|iPhone.ActiveCfg = Release|x86
		{5485CBA7-1C58-4C57-90DA-AF5F77839CA6}.AppStore|iPhone.Build.0 = Release|x86
		{5485CBA7-1C58-4C57-90DA-AF5F77839CA6}.AppStore|iPhone.Deploy.0 = Release|x86
		{5485CBA7-1C58-4C57-90DA-AF5F77839CA6}.AppStore|iPhoneSimulator.ActiveCfg = Release|x86
		{5485CBA7-1C58-4C57-90DA-AF5F77839CA6}.AppStore|iPhoneSimulator.Build.0 = Release|x86
		{5485CBA7-1C58-4C57-90DA-AF5F77839CA6}.AppStore|iPhoneSimulator.Deploy.0 = Release|x86
		{5485CBA7-1C58-4C57-90DA-AF5F77839CA6}.AppStore|x64.ActiveCfg = Release|x64
		{5485CBA7-1C58-4C57-90DA-AF5F77839CA6}.AppStore|x64.Build.0 = Release|x64
		{5485CBA7-1C58-4C57-90DA-AF5F77839CA6}.AppStore|x64.Deploy.0 = Release|x64
		{5485CBA7-1C58-4C57-90DA-AF5F77839CA6}.AppStore|x86.ActiveCfg = Release|x86
		{5485CBA7-1C58-4C57-90DA-AF5F77839CA6}.AppStore|x86.Build.0 = Release|x86
		{5485CBA7-1C58-4C57-90DA-AF5F77839CA6}.AppStore|x86.Deploy.0 = Release|x86
		{5485CBA7-1C58-4C57-90DA-AF5F77839CA6}.Debug|Any CPU.ActiveCfg = Debug|x86
		{5485CBA7-1C58-4C57-90DA-AF5F77839CA6}.Debug|Any CPU.Build.0 = Debug|x86
		{5485CBA7-1C58-4C57-90DA-AF5F77839CA6}.Debug|Any CPU.Deploy.0 = Debug|x86
		{5485CBA7-1C58-4C57-90DA-AF5F77839CA6}.Debug|ARM.ActiveCfg = Debug|ARM
		{5485CBA7-1C58-4C57-90DA-AF5F77839CA6}.Debug|ARM.Build.0 = Debug|ARM
		{5485CBA7-1C58-4C57-90DA-AF5F77839CA6}.Debug|ARM.Deploy.0 = Debug|ARM
		{5485CBA7-1C58-4C57-90DA-AF5F77839CA6}.Debug|iPhone.ActiveCfg = Debug|x86
		{5485CBA7-1C58-4C57-90DA-AF5F77839CA6}.Debug|iPhoneSimulator.ActiveCfg = Debug|x86
		{5485CBA7-1C58-4C57-90DA-AF5F77839CA6}.Debug|x64.ActiveCfg = Debug|x64
		{5485CBA7-1C58-4C57-90DA-AF5F77839CA6}.Debug|x64.Build.0 = Debug|x64
		{5485CBA7-1C58-4C57-90DA-AF5F77839CA6}.Debug|x64.Deploy.0 = Debug|x64
		{5485CBA7-1C58-4C57-90DA-AF5F77839CA6}.Debug|x86.ActiveCfg = Debug|x86
		{5485CBA7-1C58-4C57-90DA-AF5F77839CA6}.Debug|x86.Build.0 = Debug|x86
		{5485CBA7-1C58-4C57-90DA-AF5F77839CA6}.Debug|x86.Deploy.0 = Debug|x86
		{5485CBA7-1C58-4C57-90DA-AF5F77839CA6}.Release|Any CPU.ActiveCfg = Release|x86
		{5485CBA7-1C58-4C57-90DA-AF5F77839CA6}.Release|Any CPU.Build.0 = Release|x86
		{5485CBA7-1C58-4C57-90DA-AF5F77839CA6}.Release|Any CPU.Deploy.0 = Release|x86
		{5485CBA7-1C58-4C57-90DA-AF5F77839CA6}.Release|ARM.ActiveCfg = Release|ARM
		{5485CBA7-1C58-4C57-90DA-AF5F77839CA6}.Release|ARM.Build.0 = Release|ARM
		{5485CBA7-1C58-4C57-90DA-AF5F77839CA6}.Release|ARM.Deploy.0 = Release|ARM
		{5485CBA7-1C58-4C57-90DA-AF5F77839CA6}.Release|iPhone.ActiveCfg = Release|x86
		{5485CBA7-1C58-4C57-90DA-AF5F77839CA6}.Release|iPhoneSimulator.ActiveCfg = Release|x86
		{5485CBA7-1C58-4C57-90DA-AF5F77839CA6}.Release|x64.ActiveCfg = Release|x64
		{5485CBA7-1C58-4C57-90DA-AF5F77839CA6}.Release|x64.Build.0 = Release|x64
		{5485CBA7-1C58-4C57-90DA-AF5F77839CA6}.Release|x64.Deploy.0 = Release|x64
		{5485CBA7-1C58-4C57-90DA-AF5F77839CA6}.Release|x86.ActiveCfg = Release|x86
		{5485CBA7-1C58-4C57-90DA-AF5F77839CA6}.Release|x86.Build.0 = Release|x86
		{5485CBA7-1C58-4C57-90DA-AF5F77839CA6}.Release|x86.Deploy.0 = Release|x86
		{720A3533-634C-478C-8B2C-B2DF4C79AC6B}.Ad-Hoc|Any CPU.ActiveCfg = Ad-Hoc|iPhone
		{720A3533-634C-478C-8B2C-B2DF4C79AC6B}.Ad-Hoc|ARM.ActiveCfg = Ad-Hoc|iPhone
		{720A3533-634C-478C-8B2C-B2DF4C79AC6B}.Ad-Hoc|iPhone.ActiveCfg = Ad-Hoc|iPhone
		{720A3533-634C-478C-8B2C-B2DF4C79AC6B}.Ad-Hoc|iPhone.Build.0 = Ad-Hoc|iPhone
		{720A3533-634C-478C-8B2C-B2DF4C79AC6B}.Ad-Hoc|iPhoneSimulator.ActiveCfg = Ad-Hoc|iPhoneSimulator
		{720A3533-634C-478C-8B2C-B2DF4C79AC6B}.Ad-Hoc|iPhoneSimulator.Build.0 = Ad-Hoc|iPhoneSimulator
		{720A3533-634C-478C-8B2C-B2DF4C79AC6B}.Ad-Hoc|x64.ActiveCfg = Ad-Hoc|iPhone
		{720A3533-634C-478C-8B2C-B2DF4C79AC6B}.Ad-Hoc|x86.ActiveCfg = Ad-Hoc|iPhone
		{720A3533-634C-478C-8B2C-B2DF4C79AC6B}.AppStore|Any CPU.ActiveCfg = AppStore|iPhone
		{720A3533-634C-478C-8B2C-B2DF4C79AC6B}.AppStore|ARM.ActiveCfg = AppStore|iPhone
		{720A3533-634C-478C-8B2C-B2DF4C79AC6B}.AppStore|iPhone.ActiveCfg = AppStore|iPhone
		{720A3533-634C-478C-8B2C-B2DF4C79AC6B}.AppStore|iPhone.Build.0 = AppStore|iPhone
		{720A3533-634C-478C-8B2C-B2DF4C79AC6B}.AppStore|iPhoneSimulator.ActiveCfg = AppStore|iPhoneSimulator
		{720A3533-634C-478C-8B2C-B2DF4C79AC6B}.AppStore|iPhoneSimulator.Build.0 = AppStore|iPhoneSimulator
		{720A3533-634C-478C-8B2C-B2DF4C79AC6B}.AppStore|x64.ActiveCfg = AppStore|iPhone
		{720A3533-634C-478C-8B2C-B2DF4C79AC6B}.AppStore|x86.ActiveCfg = AppStore|iPhone
		{720A3533-634C-478C-8B2C-B2DF4C79AC6B}.Debug|Any CPU.ActiveCfg = Debug|iPhone
		{720A3533-634C-478C-8B2C-B2DF4C79AC6B}.Debug|ARM.ActiveCfg = Debug|iPhone
		{720A3533-634C-478C-8B2C-B2DF4C79AC6B}.Debug|iPhone.ActiveCfg = Debug|iPhone
		{720A3533-634C-478C-8B2C-B2DF4C79AC6B}.Debug|iPhone.Build.0 = Debug|iPhone
		{720A3533-634C-478C-8B2C-B2DF4C79AC6B}.Debug|iPhoneSimulator.ActiveCfg = Debug|iPhoneSimulator
		{720A3533-634C-478C-8B2C-B2DF4C79AC6B}.Debug|iPhoneSimulator.Build.0 = Debug|iPhoneSimulator
		{720A3533-634C-478C-8B2C-B2DF4C79AC6B}.Debug|x64.ActiveCfg = Debug|iPhone
		{720A3533-634C-478C-8B2C-B2DF4C79AC6B}.Debug|x86.ActiveCfg = Debug|iPhone
		{720A3533-634C-478C-8B2C-B2DF4C79AC6B}.Release|Any CPU.ActiveCfg = Release|iPhone
		{720A3533-634C-478C-8B2C-B2DF4C79AC6B}.Release|ARM.ActiveCfg = Release|iPhone
		{720A3533-634C-478C-8B2C-B2DF4C79AC6B}.Release|iPhone.ActiveCfg = Release|iPhone
		{720A3533-634C-478C-8B2C-B2DF4C79AC6B}.Release|iPhone.Build.0 = Release|iPhone
		{720A3533-634C-478C-8B2C-B2DF4C79AC6B}.Release|iPhoneSimulator.ActiveCfg = Release|iPhoneSimulator
		{720A3533-634C-478C-8B2C-B2DF4C79AC6B}.Release|iPhoneSimulator.Build.0 = Release|iPhoneSimulator
		{720A3533-634C-478C-8B2C-B2DF4C79AC6B}.Release|x64.ActiveCfg = Release|iPhone
		{720A3533-634C-478C-8B2C-B2DF4C79AC6B}.Release|x86.ActiveCfg = Release|iPhone
	EndGlobalSection
	GlobalSection(SolutionProperties) = preSolution
		HideSolutionNode = FALSE
	EndGlobalSection
EndGlobal
